
Microsoft Visual Studio Solution File, Format Version 12.00
# Visual Studio 15
VisualStudioVersion = 15.0.26430.15
MinimumVisualStudioVersion = 10.0.40219.1
Project("{FAE04EC0-301F-11D3-BF4B-00C04F79EFBC}") = "RaysHotDogs.Core", "RaysHotDogs.Core\RaysHotDogs.Core.csproj", "{FCFCB06F-379C-4465-B80A-B92C71A1821A}"
EndProject
Project("{FAE04EC0-301F-11D3-BF4B-00C04F79EFBC}") = "RaysHotDogs", "RaysHotDogs\RaysHotDogs.csproj", "{BDDF3FDE-5DCE-403E-AF63-C070FD342ECF}"
EndProject
Global
	GlobalSection(SolutionConfigurationPlatforms) = preSolution
		Debug|Any CPU = Debug|Any CPU
		Release|Any CPU = Release|Any CPU
	EndGlobalSection
	GlobalSection(ProjectConfigurationPlatforms) = postSolution
		{FCFCB06F-379C-4465-B80A-B92C71A1821A}.Debug|Any CPU.ActiveCfg = Debug|Any CPU
		{FCFCB06F-379C-4465-B80A-B92C71A1821A}.Debug|Any CPU.Build.0 = Debug|Any CPU
		{FCFCB06F-379C-4465-B80A-B92C71A1821A}.Release|Any CPU.ActiveCfg = Release|Any CPU
		{FCFCB06F-379C-4465-B80A-B92C71A1821A}.Release|Any CPU.Build.0 = Release|Any CPU
		{BDDF3FDE-5DCE-403E-AF63-C070FD342ECF}.Debug|Any CPU.ActiveCfg = Debug|Any CPU
		{BDDF3FDE-5DCE-403E-AF63-C070FD342ECF}.Debug|Any CPU.Build.0 = Debug|Any CPU
		{BDDF3FDE-5DCE-403E-AF63-C070FD342ECF}.Debug|Any CPU.Deploy.0 = Debug|Any CPU
		{BDDF3FDE-5DCE-403E-AF63-C070FD342ECF}.Release|Any CPU.ActiveCfg = Release|Any CPU
		{BDDF3FDE-5DCE-403E-AF63-C070FD342ECF}.Release|Any CPU.Build.0 = Release|Any CPU
		{BDDF3FDE-5DCE-403E-AF63-C070FD342ECF}.Release|Any CPU.Deploy.0 = Release|Any CPU
	EndGlobalSection
	GlobalSection(SolutionProperties) = preSolution
		HideSolutionNode = FALSE
	EndGlobalSection
EndGlobal
